
Microsoft Visual Studio Solution File, Format Version 12.00
# Visual Studio Version 17
VisualStudioVersion = 17.5.33414.496
MinimumVisualStudioVersion = 10.0.40219.1
Project("{FAE04EC0-301F-11D3-BF4B-00C04F79EFBC}") = "ColorTransformations", "ColorTransformations\ColorTransformations.csproj", "{028BC59C-9660-4D8A-B134-55E31C44E72B}"
EndProject
Global
	GlobalSection(SolutionConfigurationPlatforms) = preSolution
		Debug|Any CPU = Debug|Any CPU
		Release|Any CPU = Release|Any CPU
	EndGlobalSection
	GlobalSection(ProjectConfigurationPlatforms) = postSolution
		{028BC59C-9660-4D8A-B134-55E31C44E72B}.Debug|Any CPU.ActiveCfg = Debug|Any CPU
		{028BC59C-9660-4D8A-B134-55E31C44E72B}.Debug|Any CPU.Build.0 = Debug|Any CPU
		{028BC59C-9660-4D8A-B134-55E31C44E72B}.Release|Any CPU.ActiveCfg = Release|Any CPU
		{028BC59C-9660-4D8A-B134-55E31C44E72B}.Release|Any CPU.Build.0 = Release|Any CPU
	EndGlobalSection
	GlobalSection(SolutionProperties) = preSolution
		HideSolutionNode = FALSE
	EndGlobalSection
	GlobalSection(ExtensibilityGlobals) = postSolution
		SolutionGuid = {F30DBA14-81F2-4F3D-9355-2B16AA65CC50}
	EndGlobalSection
EndGlobal
